
Microsoft Visual Studio Solution File, Format Version 12.00
# Visual Studio Version 16
VisualStudioVersion = 16.0.29926.136
MinimumVisualStudioVersion = 10.0.40219.1
Project("{FAE04EC0-301F-11D3-BF4B-00C04F79EFBC}") = "lab3_3", "lab3_3.csproj", "{77AF52D8-27A1-42AB-A262-2230C8331613}"
EndProject
Global
	GlobalSection(SolutionConfigurationPlatforms) = preSolution
		Debug|Any CPU = Debug|Any CPU
		Release|Any CPU = Release|Any CPU
	EndGlobalSection
	GlobalSection(ProjectConfigurationPlatforms) = postSolution
		{77AF52D8-27A1-42AB-A262-2230C8331613}.Debug|Any CPU.ActiveCfg = Debug|Any CPU
		{77AF52D8-27A1-42AB-A262-2230C8331613}.Debug|Any CPU.Build.0 = Debug|Any CPU
		{77AF52D8-27A1-42AB-A262-2230C8331613}.Release|Any CPU.ActiveCfg = Release|Any CPU
		{77AF52D8-27A1-42AB-A262-2230C8331613}.Release|Any CPU.Build.0 = Release|Any CPU
	EndGlobalSection
	GlobalSection(SolutionProperties) = preSolution
		HideSolutionNode = FALSE
	EndGlobalSection
	GlobalSection(ExtensibilityGlobals) = postSolution
		SolutionGuid = {BE21DF50-2ABB-486F-AA59-EDE3B5E3860C}
	EndGlobalSection
EndGlobal
